<Solution>
  <Project Path="NWH.VehiclePhysics2.csproj" />
  <Project Path="NWH.WheelController.csproj" />
  <Project Path="NWH.Common.csproj" />
  <Project Path="Assembly-CSharp-Editor.csproj" />
  <Project Path="NWH.VehiclePhysics2.SetupWizard.csproj" />
  <Project Path="Assembly-CSharp.csproj" />
</Solution>
